// !$*UTF8*$!
{
	archiveVersion = 1;
	classes = {
	};
	objectVersion = 46;
	objects = {

/* Begin PBXBuildFile section */
		7B449F571D73DD1C0015413B /* AppDelegate.swift in Sources */ = {isa = PBXBuildFile; fileRef = 7B449F561D73DD1C0015413B /* AppDelegate.swift */; };
		7B449F591D73DD1C0015413B /* ViewController.swift in Sources */ = {isa = PBXBuildFile; fileRef = 7B449F581D73DD1C0015413B /* ViewController.swift */; };
		7B449F5C1D73DD1C0015413B /* Main.storyboard in Resources */ = {isa = PBXBuildFile; fileRef = 7B449F5A1D73DD1C0015413B /* Main.storyboard */; };
		7B449F5E1D73DD1C0015413B /* Assets.xcassets in Resources */ = {isa = PBXBuildFile; fileRef = 7B449F5D1D73DD1C0015413B /* Assets.xcassets */; };
		7B449F611D73DD1C0015413B /* LaunchScreen.storyboard in Resources */ = {isa = PBXBuildFile; fileRef = 7B449F5F1D73DD1C0015413B /* LaunchScreen.storyboard */; };
		7B449F6C1D73DD1C0015413B /* SJBaseSwiftProjectTests.swift in Sources */ = {isa = PBXBuildFile; fileRef = 7B449F6B1D73DD1C0015413B /* SJBaseSwiftProjectTests.swift */; };
		7B449F771D73DD1C0015413B /* SJBaseSwiftProjectUITests.swift in Sources */ = {isa = PBXBuildFile; fileRef = 7B449F761D73DD1C0015413B /* SJBaseSwiftProjectUITests.swift */; };
/* End PBXBuildFile section */

/* Begin PBXContainerItemProxy section */
		7B449F681D73DD1C0015413B /* PBXContainerItemProxy */ = {
			isa = PBXContainerItemProxy;
			containerPortal = 7B449F4B1D73DD1C0015413B /* Project object */;
			proxyType = 1;
			remoteGlobalIDString = 7B449F521D73DD1C0015413B;
			remoteInfo = SJBaseSwiftProject;
		};
		7B449F731D73DD1C0015413B /* PBXContainerItemProxy */ = {
			isa = PBXContainerItemProxy;
			containerPortal = 7B449F4B1D73DD1C0015413B /* Project object */;
			proxyType = 1;
			remoteGlobalIDString = 7B449F521D73DD1C0015413B;
			remoteInfo = SJBaseSwiftProject;
		};
/* End PBXContainerItemProxy section */

/* Begin PBXFileReference section */
		7B449F531D73DD1C0015413B /* SJBaseSwiftProject.app */ = {isa = PBXFileReference; explicitFileType = wrapper.application; includeInIndex = 0; path = SJBaseSwiftProject.app; sourceTree = BUILT_PRODUCTS_DIR; };
		7B449F561D73DD1C0015413B /* AppDelegate.swift */ = {isa = PBXFileReference; lastKnownFileType = sourcecode.swift; path = AppDelegate.swift; sourceTree = "<group>"; };
		7B449F581D73DD1C0015413B /* ViewController.swift */ = {isa = PBXFileReference; lastKnownFileType = sourcecode.swift; path = ViewController.swift; sourceTree = "<group>"; };
		7B449F5B1D73DD1C0015413B /* Base */ = {isa = PBXFileReference; lastKnownFileType = file.storyboard; name = Base; path = Base.lproj/Main.storyboard; sourceTree = "<group>"; };
		7B449F5D1D73DD1C0015413B /* Assets.xcassets */ = {isa = PBXFileReference; lastKnownFileType = folder.assetcatalog; path = Assets.xcassets; sourceTree = "<group>"; };
		7B449F601D73DD1C0015413B /* Base */ = {isa = PBXFileReference; lastKnownFileType = file.storyboard; name = Base; path = Base.lproj/LaunchScreen.storyboard; sourceTree = "<group>"; };
		7B449F621D73DD1C0015413B /* Info.plist */ = {isa = PBXFileReference; lastKnownFileType = text.plist.xml; path = Info.plist; sourceTree = "<group>"; };
		7B449F671D73DD1C0015413B /* SJBaseSwiftProjectTests.xctest */ = {isa = PBXFileReference; explicitFileType = wrapper.cfbundle; includeInIndex = 0; path = SJBaseSwiftProjectTests.xctest; sourceTree = BUILT_PRODUCTS_DIR; };
		7B449F6B1D73DD1C0015413B /* SJBaseSwiftProjectTests.swift */ = {isa = PBXFileReference; lastKnownFileType = sourcecode.swift; path = SJBaseSwiftProjectTests.swift; sourceTree = "<group>"; };
		7B449F6D1D73DD1C0015413B /* Info.plist */ = {isa = PBXFileReference; lastKnownFileType = text.plist.xml; path = Info.plist; sourceTree = "<group>"; };
		7B449F721D73DD1C0015413B /* SJBaseSwiftProjectUITests.xctest */ = {isa = PBXFileReference; explicitFileType = wrapper.cfbundle; includeInIndex = 0; path = SJBaseSwiftProjectUITests.xctest; sourceTree = BUILT_PRODUCTS_DIR; };
		7B449F761D73DD1C0015413B /* SJBaseSwiftProjectUITests.swift */ = {isa = PBXFileReference; lastKnownFileType = sourcecode.swift; path = SJBaseSwiftProjectUITests.swift; sourceTree = "<group>"; };
		7B449F781D73DD1C0015413B /* Info.plist */ = {isa = PBXFileReference; lastKnownFileType = text.plist.xml; path = Info.plist; sourceTree = "<group>"; };
/* End PBXFileReference section */

/* Begin PBXFrameworksBuildPhase section */
		7B449F501D73DD1C0015413B /* Frameworks */ = {
			isa = PBXFrameworksBuildPhase;
			buildActionMask = 2147483647;
			files = (
			);
			runOnlyForDeploymentPostprocessing = 0;
		};
		7B449F641D73DD1C0015413B /* Frameworks */ = {
			isa = PBXFrameworksBuildPhase;
			buildActionMask = 2147483647;
			files = (
			);
			runOnlyForDeploymentPostprocessing = 0;
		};
		7B449F6F1D73DD1C0015413B /* Frameworks */ = {
			isa = PBXFrameworksBuildPhase;
			buildActionMask = 2147483647;
			files = (
			);
			runOnlyForDeploymentPostprocessing = 0;
		};
/* End PBXFrameworksBuildPhase section */

/* Begin PBXGroup section */
		7B449F4A1D73DD1B0015413B = {
			isa = PBXGroup;
			children = (
				7B449F551D73DD1C0015413B /* SJBaseSwiftProject */,
				7B449F6A1D73DD1C0015413B /* SJBaseSwiftProjectTests */,
				7B449F751D73DD1C0015413B /* SJBaseSwiftProjectUITests */,
				7B449F541D73DD1C0015413B /* Products */,
			);
			sourceTree = "<group>";
		};
		7B449F541D73DD1C0015413B /* Products */ = {
			isa = PBXGroup;
			children = (
				7B449F531D73DD1C0015413B /* SJBaseSwiftProject.app */,
				7B449F671D73DD1C0015413B /* SJBaseSwiftProjectTests.xctest */,
				7B449F721D73DD1C0015413B /* SJBaseSwiftProjectUITests.xctest */,
			);
			name = Products;
			sourceTree = "<group>";
		};
		7B449F551D73DD1C0015413B /* SJBaseSwiftProject */ = {
			isa = PBXGroup;
			children = (
				7B449F561D73DD1C0015413B /* AppDelegate.swift */,
				7B449F581D73DD1C0015413B /* ViewController.swift */,
				7B449F5A1D73DD1C0015413B /* Main.storyboard */,
				7B449F5D1D73DD1C0015413B /* Assets.xcassets */,
				7B449F5F1D73DD1C0015413B /* LaunchScreen.storyboard */,
				7B449F621D73DD1C0015413B /* Info.plist */,
			);
			path = SJBaseSwiftProject;
			sourceTree = "<group>";
		};
		7B449F6A1D73DD1C0015413B /* SJBaseSwiftProjectTests */ = {
			isa = PBXGroup;
			children = (
				7B449F6B1D73DD1C0015413B /* SJBaseSwiftProjectTests.swift */,
				7B449F6D1D73DD1C0015413B /* Info.plist */,
			);
			path = SJBaseSwiftProjectTests;
			sourceTree = "<group>";
		};
		7B449F751D73DD1C0015413B /* SJBaseSwiftProjectUITests */ = {
			isa = PBXGroup;
			children = (
				7B449F761D73DD1C0015413B /* SJBaseSwiftProjectUITests.swift */,
				7B449F781D73DD1C0015413B /* Info.plist */,
			);
			path = SJBaseSwiftProjectUITests;
			sourceTree = "<group>";
		};
/* End PBXGroup section */

/* Begin PBXNativeTarget section */
		7B449F521D73DD1C0015413B /* SJBaseSwiftProject */ = {
			isa = PBXNativeTarget;
			buildConfigurationList = 7B449F7B1D73DD1C0015413B /* Build configuration list for PBXNativeTarget "SJBaseSwiftProject" */;
			buildPhases = (
				7B449F4F1D73DD1C0015413B /* Sources */,
				7B449F501D73DD1C0015413B /* Frameworks */,
				7B449F511D73DD1C0015413B /* Resources */,
			);
			buildRules = (
			);
			dependencies = (
			);
			name = SJBaseSwiftProject;
			productName = SJBaseSwiftProject;
			productReference = 7B449F531D73DD1C0015413B /* SJBaseSwiftProject.app */;
			productType = "com.apple.product-type.application";
		};
		7B449F661D73DD1C0015413B /* SJBaseSwiftProjectTests */ = {
			isa = PBXNativeTarget;
			buildConfigurationList = 7B449F7E1D73DD1C0015413B /* Build configuration list for PBXNativeTarget "SJBaseSwiftProjectTests" */;
			buildPhases = (
				7B449F631D73DD1C0015413B /* Sources */,
				7B449F641D73DD1C0015413B /* Frameworks */,
				7B449F651D73DD1C0015413B /* Resources */,
			);
			buildRules = (
			);
			dependencies = (
				7B449F691D73DD1C0015413B /* PBXTargetDependency */,
			);
			name = SJBaseSwiftProjectTests;
			productName = SJBaseSwiftProjectTests;
			productReference = 7B449F671D73DD1C0015413B /* SJBaseSwiftProjectTests.xctest */;
			productType = "com.apple.product-type.bundle.unit-test";
		};
		7B449F711D73DD1C0015413B /* SJBaseSwiftProjectUITests */ = {
			isa = PBXNativeTarget;
			buildConfigurationList = 7B449F811D73DD1C0015413B /* Build configuration list for PBXNativeTarget "SJBaseSwiftProjectUITests" */;
			buildPhases = (
				7B449F6E1D73DD1C0015413B /* Sources */,
				7B449F6F1D73DD1C0015413B /* Frameworks */,
				7B449F701D73DD1C0015413B /* Resources */,
			);
			buildRules = (
			);
			dependencies = (
				7B449F741D73DD1C0015413B /* PBXTargetDependency */,
			);
			name = SJBaseSwiftProjectUITests;
			productName = SJBaseSwiftProjectUITests;
			productReference = 7B449F721D73DD1C0015413B /* SJBaseSwiftProjectUITests.xctest */;
			productType = "com.apple.product-type.bundle.ui-testing";
		};
/* End PBXNativeTarget section */

/* Begin PBXProject section */
		7B449F4B1D73DD1C0015413B /* Project object */ = {
			isa = PBXProject;
			attributes = {
				LastSwiftUpdateCheck = 0730;
				LastUpgradeCheck = 0730;
				ORGANIZATIONNAME = McIntosh;
				TargetAttributes = {
					7B449F521D73DD1C0015413B = {
						CreatedOnToolsVersion = 7.3.1;
					};
					7B449F661D73DD1C0015413B = {
						CreatedOnToolsVersion = 7.3.1;
						TestTargetID = 7B449F521D73DD1C0015413B;
					};
					7B449F711D73DD1C0015413B = {
						CreatedOnToolsVersion = 7.3.1;
						TestTargetID = 7B449F521D73DD1C0015413B;
					};
				};
			};
			buildConfigurationList = 7B449F4E1D73DD1C0015413B /* Build configuration list for PBXProject "SJBaseSwiftProject" */;
			compatibilityVersion = "Xcode 3.2";
			developmentRegion = English;
			hasScannedForEncodings = 0;
			knownRegions = (
				en,
				Base,
			);
			mainGroup = 7B449F4A1D73DD1B0015413B;
			productRefGroup = 7B449F541D73DD1C0015413B /* Products */;
			projectDirPath = "";
			projectRoot = "";
			targets = (
				7B449F521D73DD1C0015413B /* SJBaseSwiftProject */,
				7B449F661D73DD1C0015413B /* SJBaseSwiftProjectTests */,
				7B449F711D73DD1C0015413B /* SJBaseSwiftProjectUITests */,
			);
		};
/* End PBXProject section */

/* Begin PBXResourcesBuildPhase section */
		7B449F511D73DD1C0015413B /* Resources */ = {
			isa = PBXResourcesBuildPhase;
			buildActionMask = 2147483647;
			files = (
				7B449F611D73DD1C0015413B /* LaunchScreen.storyboard in Resources */,
				7B449F5E1D73DD1C0015413B /* Assets.xcassets in Resources */,
				7B449F5C1D73DD1C0015413B /* Main.storyboard in Resources */,
			);
			runOnlyForDeploymentPostprocessing = 0;
		};
		7B449F651D73DD1C0015413B /* Resources */ = {
			isa = PBXResourcesBuildPhase;
			buildActionMask = 2147483647;
			files = (
			);
			runOnlyForDeploymentPostprocessing = 0;
		};
		7B449F701D73DD1C0015413B /* Resources */ = {
			isa = PBXResourcesBuildPhase;
			buildActionMask = 2147483647;
			files = (
			);
			runOnlyForDeploymentPostprocessing = 0;
		};
/* End PBXResourcesBuildPhase section */

/* Begin PBXSourcesBuildPhase section */
		7B449F4F1D73DD1C0015413B /* Sources */ = {
			isa = PBXSourcesBuildPhase;
			buildActionMask = 2147483647;
			files = (
				7B449F591D73DD1C0015413B /* ViewController.swift in Sources */,
				7B449F571D73DD1C0015413B /* AppDelegate.swift in Sources */,
			);
			runOnlyForDeploymentPostprocessing = 0;
		};
		7B449F631D73DD1C0015413B /* Sources */ = {
			isa = PBXSourcesBuildPhase;
			buildActionMask = 2147483647;
			files = (
				7B449F6C1D73DD1C0015413B /* SJBaseSwiftProjectTests.swift in Sources */,
			);
			runOnlyForDeploymentPostprocessing = 0;
		};
		7B449F6E1D73DD1C0015413B /* Sources */ = {
			isa = PBXSourcesBuildPhase;
			buildActionMask = 2147483647;
			files = (
				7B449F771D73DD1C0015413B /* SJBaseSwiftProjectUITests.swift in Sources */,
			);
			runOnlyForDeploymentPostprocessing = 0;
		};
/* End PBXSourcesBuildPhase section */

/* Begin PBXTargetDependency section */
		7B449F691D73DD1C0015413B /* PBXTargetDependency */ = {
			isa = PBXTargetDependency;
			target = 7B449F521D73DD1C0015413B /* SJBaseSwiftProject */;
			targetProxy = 7B449F681D73DD1C0015413B /* PBXContainerItemProxy */;
		};
		7B449F741D73DD1C0015413B /* PBXTargetDependency */ = {
			isa = PBXTargetDependency;
			target = 7B449F521D73DD1C0015413B /* SJBaseSwiftProject */;
			targetProxy = 7B449F731D73DD1C0015413B /* PBXContainerItemProxy */;
		};
/* End PBXTargetDependency section */

/* Begin PBXVariantGroup section */
		7B449F5A1D73DD1C0015413B /* Main.storyboard */ = {
			isa = PBXVariantGroup;
			children = (
				7B449F5B1D73DD1C0015413B /* Base */,
			);
			name = Main.storyboard;
			sourceTree = "<group>";
		};
		7B449F5F1D73DD1C0015413B /* LaunchScreen.storyboard */ = {
			isa = PBXVariantGroup;
			children = (
				7B449F601D73DD1C0015413B /* Base */,
			);
			name = LaunchScreen.storyboard;
			sourceTree = "<group>";
		};
/* End PBXVariantGroup section */

/* Begin XCBuildConfiguration section */
		7B449F791D73DD1C0015413B /* Debug */ = {
			isa = XCBuildConfiguration;
			buildSettings = {
				ALWAYS_SEARCH_USER_PATHS = NO;
				CLANG_ANALYZER_NONNULL = YES;
				CLANG_CXX_LANGUAGE_STANDARD = "gnu++0x";
				CLANG_CXX_LIBRARY = "libc++";
				CLANG_ENABLE_MODULES = YES;
				CLANG_ENABLE_OBJC_ARC = YES;
				CLANG_WARN_BOOL_CONVERSION = YES;
				CLANG_WARN_CONSTANT_CONVERSION = YES;
				CLANG_WARN_DIRECT_OBJC_ISA_USAGE = YES_ERROR;
				CLANG_WARN_EMPTY_BODY = YES;
				CLANG_WARN_ENUM_CONVERSION = YES;
				CLANG_WARN_INT_CONVERSION = YES;
				CLANG_WARN_OBJC_ROOT_CLASS = YES_ERROR;
				CLANG_WARN_UNREACHABLE_CODE = YES;
				CLANG_WARN__DUPLICATE_METHOD_MATCH = YES;
				"CODE_SIGN_IDENTITY[sdk=iphoneos*]" = "iPhone Developer";
				COPY_PHASE_STRIP = NO;
				DEBUG_INFORMATION_FORMAT = dwarf;
				ENABLE_STRICT_OBJC_MSGSEND = YES;
				ENABLE_TESTABILITY = YES;
				GCC_C_LANGUAGE_STANDARD = gnu99;
				GCC_DYNAMIC_NO_PIC = NO;
				GCC_NO_COMMON_BLOCKS = YES;
				GCC_OPTIMIZATION_LEVEL = 0;
				GCC_PREPROCESSOR_DEFINITIONS = (
					"DEBUG=1",
					"$(inherited)",
				);
				GCC_WARN_64_TO_32_BIT_CONVERSION = YES;
				GCC_WARN_ABOUT_RETURN_TYPE = YES_ERROR;
				GCC_WARN_UNDECLARED_SELECTOR = YES;
				GCC_WARN_UNINITIALIZED_AUTOS = YES_AGGRESSIVE;
				GCC_WARN_UNUSED_FUNCTION = YES;
				GCC_WARN_UNUSED_VARIABLE = YES;
				IPHONEOS_DEPLOYMENT_TARGET = 9.3;
				MTL_ENABLE_DEBUG_INFO = YES;
				ONLY_ACTIVE_ARCH = YES;
				SDKROOT = iphoneos;
				SWIFT_OPTIMIZATION_LEVEL = "-Onone";
				TARGETED_DEVICE_FAMILY = "1,2";
			};
			name = Debug;
		};
		7B449F7A1D73DD1C0015413B /* Release */ = {
			isa = XCBuildConfiguration;
			buildSettings = {
				ALWAYS_SEARCH_USER_PATHS = NO;
				CLANG_ANALYZER_NONNULL = YES;
				CLANG_CXX_LANGUAGE_STANDARD = "gnu++0x";
				CLANG_CXX_LIBRARY = "libc++";
				CLANG_ENABLE_MODULES = YES;
				CLANG_ENABLE_OBJC_ARC = YES;
				CLANG_WARN_BOOL_CONVERSION = YES;
				CLANG_WARN_CONSTANT_CONVERSION = YES;
				CLANG_WARN_DIRECT_OBJC_ISA_USAGE = YES_ERROR;
				CLANG_WARN_EMPTY_BODY = YES;
				CLANG_WARN_ENUM_CONVERSION = YES;
				CLANG_WARN_INT_CONVERSION = YES;
				CLANG_WARN_OBJC_ROOT_CLASS = YES_ERROR;
				CLANG_WARN_UNREACHABLE_CODE = YES;
				CLANG_WARN__DUPLICATE_METHOD_MATCH = YES;
				"CODE_SIGN_IDENTITY[sdk=iphoneos*]" = "iPhone Developer";
				COPY_PHASE_STRIP = NO;
				DEBUG_INFORMATION_FORMAT = "dwarf-with-dsym";
				ENABLE_NS_ASSERTIONS = NO;
				ENABLE_STRICT_OBJC_MSGSEND = YES;
				GCC_C_LANGUAGE_STANDARD = gnu99;
				GCC_NO_COMMON_BLOCKS = YES;
				GCC_WARN_64_TO_32_BIT_CONVERSION = YES;
				GCC_WARN_ABOUT_RETURN_TYPE = YES_ERROR;
				GCC_WARN_UNDECLARED_SELECTOR = YES;
				GCC_WARN_UNINITIALIZED_AUTOS = YES_AGGRESSIVE;
				GCC_WARN_UNUSED_FUNCTION = YES;
				GCC_WARN_UNUSED_VARIABLE = YES;
				IPHONEOS_DEPLOYMENT_TARGET = 9.3;
				MTL_ENABLE_DEBUG_INFO = NO;
				SDKROOT = iphoneos;
				TARGETED_DEVICE_FAMILY = "1,2";
				VALIDATE_PRODUCT = YES;
			};
			name = Release;
		};
		7B449F7C1D73DD1C0015413B /* Debug */ = {
			isa = XCBuildConfiguration;
			buildSettings = {
				ASSETCATALOG_COMPILER_APPICON_NAME = AppIcon;
				INFOPLIST_FILE = SJBaseSwiftProject/Info.plist;
				LD_RUNPATH_SEARCH_PATHS = "$(inherited) @executable_path/Frameworks";
				PRODUCT_BUNDLE_IDENTIFIER = com.sunjoy.SJBaseSwiftProject;
				PRODUCT_NAME = "$(TARGET_NAME)";
			};
			name = Debug;
		};
		7B449F7D1D73DD1C0015413B /* Release */ = {
			isa = XCBuildConfiguration;
			buildSettings = {
				ASSETCATALOG_COMPILER_APPICON_NAME = AppIcon;
				INFOPLIST_FILE = SJBaseSwiftProject/Info.plist;
				LD_RUNPATH_SEARCH_PATHS = "$(inherited) @executable_path/Frameworks";
				PRODUCT_BUNDLE_IDENTIFIER = com.sunjoy.SJBaseSwiftProject;
				PRODUCT_NAME = "$(TARGET_NAME)";
			};
			name = Release;
		};
		7B449F7F1D73DD1C0015413B /* Debug */ = {
			isa = XCBuildConfiguration;
			buildSettings = {
				BUNDLE_LOADER = "$(TEST_HOST)";
				INFOPLIST_FILE = SJBaseSwiftProjectTests/Info.plist;
				LD_RUNPATH_SEARCH_PATHS = "$(inherited) @executable_path/Frameworks @loader_path/Frameworks";
				PRODUCT_BUNDLE_IDENTIFIER = com.sunjoy.SJBaseSwiftProjectTests;
				PRODUCT_NAME = "$(TARGET_NAME)";
				TEST_HOST = "$(BUILT_PRODUCTS_DIR)/SJBaseSwiftProject.app/SJBaseSwiftProject";
			};
			name = Debug;
		};
		7B449F801D73DD1C0015413B /* Release */ = {
			isa = XCBuildConfiguration;
			buildSettings = {
				BUNDLE_LOADER = "$(TEST_HOST)";
				INFOPLIST_FILE = SJBaseSwiftProjectTests/Info.plist;
				LD_RUNPATH_SEARCH_PATHS = "$(inherited) @executable_path/Frameworks @loader_path/Frameworks";
				PRODUCT_BUNDLE_IDENTIFIER = com.sunjoy.SJBaseSwiftProjectTests;
				PRODUCT_NAME = "$(TARGET_NAME)";
				TEST_HOST = "$(BUILT_PRODUCTS_DIR)/SJBaseSwiftProject.app/SJBaseSwiftProject";
			};
			name = Release;
		};
		7B449F821D73DD1C0015413B /* Debug */ = {
			isa = XCBuildConfiguration;
			buildSettings = {
				INFOPLIST_FILE = SJBaseSwiftProjectUITests/Info.plist;
				LD_RUNPATH_SEARCH_PATHS = "$(inherited) @executable_path/Frameworks @loader_path/Frameworks";
				PRODUCT_BUNDLE_IDENTIFIER = com.sunjoy.SJBaseSwiftProjectUITests;
				PRODUCT_NAME = "$(TARGET_NAME)";
				TEST_TARGET_NAME = SJBaseSwiftProject;
			};
			name = Debug;
		};
		7B449F831D73DD1C0015413B /* Release */ = {
			isa = XCBuildConfiguration;
			buildSettings = {
				INFOPLIST_FILE = SJBaseSwiftProjectUITests/Info.plist;
				LD_RUNPATH_SEARCH_PATHS = "$(inherited) @executable_path/Frameworks @loader_path/Frameworks";
				PRODUCT_BUNDLE_IDENTIFIER = com.sunjoy.SJBaseSwiftProjectUITests;
				PRODUCT_NAME = "$(TARGET_NAME)";
				TEST_TARGET_NAME = SJBaseSwiftProject;
			};
			name = Release;
		};
/* End XCBuildConfiguration section */

/* Begin XCConfigurationList section */
		7B449F4E1D73DD1C0015413B /* Build configuration list for PBXProject "SJBaseSwiftProject" */ = {
			isa = XCConfigurationList;
			buildConfigurations = (
				7B449F791D73DD1C0015413B /* Debug */,
				7B449F7A1D73DD1C0015413B /* Release */,
			);
			defaultConfigurationIsVisible = 0;
			defaultConfigurationName = Release;
		};
		7B449F7B1D73DD1C0015413B /* Build configuration list for PBXNativeTarget "SJBaseSwiftProject" */ = {
			isa = XCConfigurationList;
			buildConfigurations = (
				7B449F7C1D73DD1C0015413B /* Debug */,
				7B449F7D1D73DD1C0015413B /* Release */,
			);
			defaultConfigurationIsVisible = 0;
		};
		7B449F7E1D73DD1C0015413B /* Build configuration list for PBXNativeTarget "SJBaseSwiftProjectTests" */ = {
			isa = XCConfigurationList;
			buildConfigurations = (
				7B449F7F1D73DD1C0015413B /* Debug */,
				7B449F801D73DD1C0015413B /* Release */,
			);
			defaultConfigurationIsVisible = 0;
		};
		7B449F811D73DD1C0015413B /* Build configuration list for PBXNativeTarget "SJBaseSwiftProjectUITests" */ = {
			isa = XCConfigurationList;
			buildConfigurations = (
				7B449F821D73DD1C0015413B /* Debug */,
				7B449F831D73DD1C0015413B /* Release */,
			);
			defaultConfigurationIsVisible = 0;
		};
/* End XCConfigurationList section */
	};
	rootObject = 7B449F4B1D73DD1C0015413B /* Project object */;
}
